
Microsoft Visual Studio Solution File, Format Version 12.00
# Visual Studio Version 17
VisualStudioVersion = 17.0.31903.59
MinimumVisualStudioVersion = 10.0.40219.1
Project("{2150E333-8FDC-42A3-9474-1A3956D46DE8}") = "src", "src", "{8F5CDF80-FC3D-4844-8F80-7F9984242072}"
EndProject
Project("{FAE04EC0-301F-11D3-BF4B-00C04F79EFBC}") = "AuctionWebAPI", "src\AuctionWebAPI\AuctionWebAPI.csproj", "{67FCEA70-ABBA-4B25-9A97-19C287F80FA1}"
EndProject
Global
	GlobalSection(SolutionConfigurationPlatforms) = preSolution
		Debug|Any CPU = Debug|Any CPU
		Release|Any CPU = Release|Any CPU
	EndGlobalSection
	GlobalSection(SolutionProperties) = preSolution
		HideSolutionNode = FALSE
	EndGlobalSection
	GlobalSection(ProjectConfigurationPlatforms) = postSolution
		{67FCEA70-ABBA-4B25-9A97-19C287F80FA1}.Debug|Any CPU.ActiveCfg = Debug|Any CPU
		{67FCEA70-ABBA-4B25-9A97-19C287F80FA1}.Debug|Any CPU.Build.0 = Debug|Any CPU
		{67FCEA70-ABBA-4B25-9A97-19C287F80FA1}.Release|Any CPU.ActiveCfg = Release|Any CPU
		{67FCEA70-ABBA-4B25-9A97-19C287F80FA1}.Release|Any CPU.Build.0 = Release|Any CPU
	EndGlobalSection
	GlobalSection(NestedProjects) = preSolution
		{67FCEA70-ABBA-4B25-9A97-19C287F80FA1} = {8F5CDF80-FC3D-4844-8F80-7F9984242072}
	EndGlobalSection
EndGlobal
